{
  "name": "xsd2jsonschema",
  "version": "1.0.0",
  "lockfileVersion": 1,
  "requires": true,
  "dependencies": {
    "argparse": {
      "version": "1.0.9",
      "resolved": "https://registry.npmjs.org/argparse/-/argparse-1.0.9.tgz",
      "integrity": "sha1-c9g7wmP4bpf4zE9rrhsOkKfSLIY=",
      "requires": {
        "sprintf-js": "1.0.3"
      }
    },
    "jsonix-schema-compiler": {
      "version": "2.3.9",
      "resolved": "https://registry.npmjs.org/jsonix-schema-compiler/-/jsonix-schema-compiler-2.3.9.tgz",
      "integrity": "sha1-N18mXKDjc44D0lRKhbkxW7nkXjo="
    },
    "sprintf-js": {
      "version": "1.0.3",
      "resolved": "https://registry.npmjs.org/sprintf-js/-/sprintf-js-1.0.3.tgz",
      "integrity": "sha1-BOaSb2YolTVPPdAVIDYzuFcpfiw="
    }
  }
}
